
Microsoft Visual Studio Solution File, Format Version 12.00
# Visual Studio Version 17
VisualStudioVersion = 17.8.34322.80
MinimumVisualStudioVersion = 10.0.40219.1
Project("{FAE04EC0-301F-11D3-BF4B-00C04F79EFBC}") = "Eficiencia e Alunos acima da media", "Eficiencia e Alunos acima da media\Eficiencia e Alunos acima da media.csproj", "{9AAF918A-0E9E-42A2-8FFB-5DE91D48BD22}"
EndProject
Global
	GlobalSection(SolutionConfigurationPlatforms) = preSolution
		Debug|Any CPU = Debug|Any CPU
		Release|Any CPU = Release|Any CPU
	EndGlobalSection
	GlobalSection(ProjectConfigurationPlatforms) = postSolution
		{9AAF918A-0E9E-42A2-8FFB-5DE91D48BD22}.Debug|Any CPU.ActiveCfg = Debug|Any CPU
		{9AAF918A-0E9E-42A2-8FFB-5DE91D48BD22}.Debug|Any CPU.Build.0 = Debug|Any CPU
		{9AAF918A-0E9E-42A2-8FFB-5DE91D48BD22}.Release|Any CPU.ActiveCfg = Release|Any CPU
		{9AAF918A-0E9E-42A2-8FFB-5DE91D48BD22}.Release|Any CPU.Build.0 = Release|Any CPU
	EndGlobalSection
	GlobalSection(SolutionProperties) = preSolution
		HideSolutionNode = FALSE
	EndGlobalSection
	GlobalSection(ExtensibilityGlobals) = postSolution
		SolutionGuid = {B078F8B7-51B7-4107-A57B-3830AAE3ECFD}
	EndGlobalSection
EndGlobal
